
Microsoft Visual Studio Solution File, Format Version 12.00
# Visual Studio Version 17
VisualStudioVersion = 17.14.36429.23 d17.14
MinimumVisualStudioVersion = 10.0.40219.1
Project("{FAE04EC0-301F-11D3-BF4B-00C04F79EFBC}") = "Prague Parking V1", "Prague Parking V1\Prague Parking V1.csproj", "{A456752A-03EA-447F-9A3D-E3750E478C3E}"
EndProject
Global
	GlobalSection(SolutionConfigurationPlatforms) = preSolution
		Debug|Any CPU = Debug|Any CPU
		Release|Any CPU = Release|Any CPU
	EndGlobalSection
	GlobalSection(ProjectConfigurationPlatforms) = postSolution
		{A456752A-03EA-447F-9A3D-E3750E478C3E}.Debug|Any CPU.ActiveCfg = Debug|Any CPU
		{A456752A-03EA-447F-9A3D-E3750E478C3E}.Debug|Any CPU.Build.0 = Debug|Any CPU
		{A456752A-03EA-447F-9A3D-E3750E478C3E}.Release|Any CPU.ActiveCfg = Release|Any CPU
		{A456752A-03EA-447F-9A3D-E3750E478C3E}.Release|Any CPU.Build.0 = Release|Any CPU
	EndGlobalSection
	GlobalSection(SolutionProperties) = preSolution
		HideSolutionNode = FALSE
	EndGlobalSection
	GlobalSection(ExtensibilityGlobals) = postSolution
		SolutionGuid = {E01CF377-94E2-4269-9983-2168330FA5BA}
	EndGlobalSection
EndGlobal
